
Microsoft Visual Studio Solution File, Format Version 12.00
# Visual Studio Version 17
VisualStudioVersion = 17.13.35825.156 d17.13
MinimumVisualStudioVersion = 10.0.40219.1
Project("{FAE04EC0-301F-11D3-BF4B-00C04F79EFBC}") = "KanyeBot", "KanyeBot\KanyeBot.csproj", "{42F9F639-B569-4F24-81DA-CD753205F0FC}"
EndProject
Global
	GlobalSection(SolutionConfigurationPlatforms) = preSolution
		Debug|Any CPU = Debug|Any CPU
		Release|Any CPU = Release|Any CPU
	EndGlobalSection
	GlobalSection(ProjectConfigurationPlatforms) = postSolution
		{42F9F639-B569-4F24-81DA-CD753205F0FC}.Debug|Any CPU.ActiveCfg = Debug|Any CPU
		{42F9F639-B569-4F24-81DA-CD753205F0FC}.Debug|Any CPU.Build.0 = Debug|Any CPU
		{42F9F639-B569-4F24-81DA-CD753205F0FC}.Release|Any CPU.ActiveCfg = Release|Any CPU
		{42F9F639-B569-4F24-81DA-CD753205F0FC}.Release|Any CPU.Build.0 = Release|Any CPU
	EndGlobalSection
	GlobalSection(SolutionProperties) = preSolution
		HideSolutionNode = FALSE
	EndGlobalSection
	GlobalSection(ExtensibilityGlobals) = postSolution
		SolutionGuid = {C7657B4C-0108-4FDC-B63C-C88087028D48}
	EndGlobalSection
EndGlobal
